
Microsoft Visual Studio Solution File, Format Version 12.00
# Visual Studio Version 16
VisualStudioVersion = 16.0.31702.278
MinimumVisualStudioVersion = 10.0.40219.1
Project("{FAE04EC0-301F-11D3-BF4B-00C04F79EFBC}") = "xml_practise", "xml_practise\xml_practise.csproj", "{D23B33CC-FB84-4C04-87BC-9C6CE25B6006}"
EndProject
Global
	GlobalSection(SolutionConfigurationPlatforms) = preSolution
		Debug|Any CPU = Debug|Any CPU
		Release|Any CPU = Release|Any CPU
	EndGlobalSection
	GlobalSection(ProjectConfigurationPlatforms) = postSolution
		{D23B33CC-FB84-4C04-87BC-9C6CE25B6006}.Debug|Any CPU.ActiveCfg = Debug|Any CPU
		{D23B33CC-FB84-4C04-87BC-9C6CE25B6006}.Debug|Any CPU.Build.0 = Debug|Any CPU
		{D23B33CC-FB84-4C04-87BC-9C6CE25B6006}.Release|Any CPU.ActiveCfg = Release|Any CPU
		{D23B33CC-FB84-4C04-87BC-9C6CE25B6006}.Release|Any CPU.Build.0 = Release|Any CPU
	EndGlobalSection
	GlobalSection(SolutionProperties) = preSolution
		HideSolutionNode = FALSE
	EndGlobalSection
	GlobalSection(ExtensibilityGlobals) = postSolution
		SolutionGuid = {EFD9C041-8C08-4DEF-ABB0-D2268CA4E83A}
	EndGlobalSection
EndGlobal
